
Microsoft Visual Studio Solution File, Format Version 12.00
# Visual Studio Version 17
VisualStudioVersion = 17.14.36705.20
MinimumVisualStudioVersion = 10.0.40219.1
Project("{FAE04EC0-301F-11D3-BF4B-00C04F79EFBC}") = "Dzaba.AsyncAwait", "src\Dzaba.AsyncAwait\Dzaba.AsyncAwait.csproj", "{30CE93BB-FF57-4D8D-A1AD-504A4F32F055}"
EndProject
Project("{FAE04EC0-301F-11D3-BF4B-00C04F79EFBC}") = "Dzaba.AsyncAwait.Tests", "src\Dzaba.AsyncAwait.Tests\Dzaba.AsyncAwait.Tests.csproj", "{5F658B81-32E5-4BFD-B0BD-F061F7CBEC2F}"
EndProject
Global
	GlobalSection(SolutionConfigurationPlatforms) = preSolution
		Debug|Any CPU = Debug|Any CPU
		Release|Any CPU = Release|Any CPU
	EndGlobalSection
	GlobalSection(ProjectConfigurationPlatforms) = postSolution
		{30CE93BB-FF57-4D8D-A1AD-504A4F32F055}.Debug|Any CPU.ActiveCfg = Debug|Any CPU
		{30CE93BB-FF57-4D8D-A1AD-504A4F32F055}.Debug|Any CPU.Build.0 = Debug|Any CPU
		{30CE93BB-FF57-4D8D-A1AD-504A4F32F055}.Release|Any CPU.ActiveCfg = Release|Any CPU
		{30CE93BB-FF57-4D8D-A1AD-504A4F32F055}.Release|Any CPU.Build.0 = Release|Any CPU
		{5F658B81-32E5-4BFD-B0BD-F061F7CBEC2F}.Debug|Any CPU.ActiveCfg = Debug|Any CPU
		{5F658B81-32E5-4BFD-B0BD-F061F7CBEC2F}.Debug|Any CPU.Build.0 = Debug|Any CPU
		{5F658B81-32E5-4BFD-B0BD-F061F7CBEC2F}.Release|Any CPU.ActiveCfg = Release|Any CPU
		{5F658B81-32E5-4BFD-B0BD-F061F7CBEC2F}.Release|Any CPU.Build.0 = Release|Any CPU
	EndGlobalSection
	GlobalSection(SolutionProperties) = preSolution
		HideSolutionNode = FALSE
	EndGlobalSection
	GlobalSection(ExtensibilityGlobals) = postSolution
		SolutionGuid = {450DA790-991A-491F-ADED-573DAD45B411}
	EndGlobalSection
EndGlobal
